
Microsoft Visual Studio Solution File, Format Version 12.00
# Visual Studio Version 16
VisualStudioVersion = 16.0.30907.101
MinimumVisualStudioVersion = 10.0.40219.1
Project("{FAE04EC0-301F-11D3-BF4B-00C04F79EFBC}") = "SystemService", "SystemService\SystemService.csproj", "{4DB61516-7BC0-4259-B957-ACB1E3808CBB}"
EndProject
Project("{FAE04EC0-301F-11D3-BF4B-00C04F79EFBC}") = "0.Utilities", "Utilities\0.Utilities.csproj", "{3C61E153-86B2-4486-AA46-056F39E79DA7}"
EndProject
Project("{FAE04EC0-301F-11D3-BF4B-00C04F79EFBC}") = "1.Entities", "Entities\1.Entities.csproj", "{3A63B721-E3B4-462D-8682-FFFCB4FAAE77}"
EndProject
Project("{FAE04EC0-301F-11D3-BF4B-00C04F79EFBC}") = "2.ViewModels", "2.ViewModels\2.ViewModels.csproj", "{341D1627-C323-4983-948E-058E6451CF79}"
EndProject
Project("{FAE04EC0-301F-11D3-BF4B-00C04F79EFBC}") = "3.Services", "3.Services\3.Services.csproj", "{26CC7673-82DF-4DFD-AFAC-43B15F381A87}"
EndProject
Global
	GlobalSection(SolutionConfigurationPlatforms) = preSolution
		Debug|Any CPU = Debug|Any CPU
		Release|Any CPU = Release|Any CPU
	EndGlobalSection
	GlobalSection(ProjectConfigurationPlatforms) = postSolution
		{4DB61516-7BC0-4259-B957-ACB1E3808CBB}.Debug|Any CPU.ActiveCfg = Debug|Any CPU
		{4DB61516-7BC0-4259-B957-ACB1E3808CBB}.Debug|Any CPU.Build.0 = Debug|Any CPU
		{4DB61516-7BC0-4259-B957-ACB1E3808CBB}.Release|Any CPU.ActiveCfg = Release|Any CPU
		{4DB61516-7BC0-4259-B957-ACB1E3808CBB}.Release|Any CPU.Build.0 = Release|Any CPU
		{3C61E153-86B2-4486-AA46-056F39E79DA7}.Debug|Any CPU.ActiveCfg = Debug|Any CPU
		{3C61E153-86B2-4486-AA46-056F39E79DA7}.Debug|Any CPU.Build.0 = Debug|Any CPU
		{3C61E153-86B2-4486-AA46-056F39E79DA7}.Release|Any CPU.ActiveCfg = Release|Any CPU
		{3C61E153-86B2-4486-AA46-056F39E79DA7}.Release|Any CPU.Build.0 = Release|Any CPU
		{3A63B721-E3B4-462D-8682-FFFCB4FAAE77}.Debug|Any CPU.ActiveCfg = Debug|Any CPU
		{3A63B721-E3B4-462D-8682-FFFCB4FAAE77}.Debug|Any CPU.Build.0 = Debug|Any CPU
		{3A63B721-E3B4-462D-8682-FFFCB4FAAE77}.Release|Any CPU.ActiveCfg = Release|Any CPU
		{3A63B721-E3B4-462D-8682-FFFCB4FAAE77}.Release|Any CPU.Build.0 = Release|Any CPU
		{341D1627-C323-4983-948E-058E6451CF79}.Debug|Any CPU.ActiveCfg = Debug|Any CPU
		{341D1627-C323-4983-948E-058E6451CF79}.Debug|Any CPU.Build.0 = Debug|Any CPU
		{341D1627-C323-4983-948E-058E6451CF79}.Release|Any CPU.ActiveCfg = Release|Any CPU
		{341D1627-C323-4983-948E-058E6451CF79}.Release|Any CPU.Build.0 = Release|Any CPU
		{26CC7673-82DF-4DFD-AFAC-43B15F381A87}.Debug|Any CPU.ActiveCfg = Debug|Any CPU
		{26CC7673-82DF-4DFD-AFAC-43B15F381A87}.Debug|Any CPU.Build.0 = Debug|Any CPU
		{26CC7673-82DF-4DFD-AFAC-43B15F381A87}.Release|Any CPU.ActiveCfg = Release|Any CPU
		{26CC7673-82DF-4DFD-AFAC-43B15F381A87}.Release|Any CPU.Build.0 = Release|Any CPU
	EndGlobalSection
	GlobalSection(SolutionProperties) = preSolution
		HideSolutionNode = FALSE
	EndGlobalSection
	GlobalSection(ExtensibilityGlobals) = postSolution
		SolutionGuid = {B327BA33-19C6-4E14-93C3-EDA86AE11785}
	EndGlobalSection
EndGlobal
